
Microsoft Visual Studio Solution File, Format Version 12.00
# Visual Studio Version 17
VisualStudioVersion = 17.9.34622.214
MinimumVisualStudioVersion = 10.0.40219.1
Project("{9A19103F-16F7-4668-BE54-9A1E7A4F7556}") = "ShopOnline.Web", "ShopOnline.Web\ShopOnline.Web.csproj", "{79D36501-1B17-44B1-B743-1BAA50390384}"
EndProject
Project("{9A19103F-16F7-4668-BE54-9A1E7A4F7556}") = "ShopOnline.Api", "ShopOnline.Api\ShopOnline.Api.csproj", "{F7098F48-87ED-4EC0-9538-F7CF33FDBFA8}"
EndProject
Project("{9A19103F-16F7-4668-BE54-9A1E7A4F7556}") = "ShopOnline.Models", "ShopOnline.Models\ShopOnline.Models.csproj", "{ACD53CA7-6D09-40DA-A6B7-059B09ED22FD}"
EndProject
Global
	GlobalSection(SolutionConfigurationPlatforms) = preSolution
		Debug|Any CPU = Debug|Any CPU
		Release|Any CPU = Release|Any CPU
	EndGlobalSection
	GlobalSection(ProjectConfigurationPlatforms) = postSolution
		{79D36501-1B17-44B1-B743-1BAA50390384}.Debug|Any CPU.ActiveCfg = Debug|Any CPU
		{79D36501-1B17-44B1-B743-1BAA50390384}.Debug|Any CPU.Build.0 = Debug|Any CPU
		{79D36501-1B17-44B1-B743-1BAA50390384}.Release|Any CPU.ActiveCfg = Release|Any CPU
		{79D36501-1B17-44B1-B743-1BAA50390384}.Release|Any CPU.Build.0 = Release|Any CPU
		{F7098F48-87ED-4EC0-9538-F7CF33FDBFA8}.Debug|Any CPU.ActiveCfg = Debug|Any CPU
		{F7098F48-87ED-4EC0-9538-F7CF33FDBFA8}.Debug|Any CPU.Build.0 = Debug|Any CPU
		{F7098F48-87ED-4EC0-9538-F7CF33FDBFA8}.Release|Any CPU.ActiveCfg = Release|Any CPU
		{F7098F48-87ED-4EC0-9538-F7CF33FDBFA8}.Release|Any CPU.Build.0 = Release|Any CPU
		{ACD53CA7-6D09-40DA-A6B7-059B09ED22FD}.Debug|Any CPU.ActiveCfg = Debug|Any CPU
		{ACD53CA7-6D09-40DA-A6B7-059B09ED22FD}.Debug|Any CPU.Build.0 = Debug|Any CPU
		{ACD53CA7-6D09-40DA-A6B7-059B09ED22FD}.Release|Any CPU.ActiveCfg = Release|Any CPU
		{ACD53CA7-6D09-40DA-A6B7-059B09ED22FD}.Release|Any CPU.Build.0 = Release|Any CPU
	EndGlobalSection
	GlobalSection(SolutionProperties) = preSolution
		HideSolutionNode = FALSE
	EndGlobalSection
	GlobalSection(ExtensibilityGlobals) = postSolution
		SolutionGuid = {C773A2D9-D186-4FFA-AA03-C1E4D9E6A448}
	EndGlobalSection
EndGlobal
