
Microsoft Visual Studio Solution File, Format Version 12.00
# Visual Studio Version 17
VisualStudioVersion = 17.9.34622.214
MinimumVisualStudioVersion = 10.0.40219.1
Project("{FAE04EC0-301F-11D3-BF4B-00C04F79EFBC}") = "ShopOnline.Web", "ShopOnline.Web\ShopOnline.Web.csproj", "{79D36501-1B17-44B1-B743-1BAA50390384}"
EndProject
Global
	GlobalSection(SolutionConfigurationPlatforms) = preSolution
		Debug|Any CPU = Debug|Any CPU
		Release|Any CPU = Release|Any CPU
	EndGlobalSection
	GlobalSection(ProjectConfigurationPlatforms) = postSolution
		{79D36501-1B17-44B1-B743-1BAA50390384}.Debug|Any CPU.ActiveCfg = Debug|Any CPU
		{79D36501-1B17-44B1-B743-1BAA50390384}.Debug|Any CPU.Build.0 = Debug|Any CPU
		{79D36501-1B17-44B1-B743-1BAA50390384}.Release|Any CPU.ActiveCfg = Release|Any CPU
		{79D36501-1B17-44B1-B743-1BAA50390384}.Release|Any CPU.Build.0 = Release|Any CPU
	EndGlobalSection
	GlobalSection(SolutionProperties) = preSolution
		HideSolutionNode = FALSE
	EndGlobalSection
	GlobalSection(ExtensibilityGlobals) = postSolution
		SolutionGuid = {C773A2D9-D186-4FFA-AA03-C1E4D9E6A448}
	EndGlobalSection
EndGlobal
